
Microsoft Visual Studio Solution File, Format Version 12.00
# Visual Studio Version 17
VisualStudioVersion = 17.7.34031.279
MinimumVisualStudioVersion = 10.0.40219.1
Project("{9A19103F-16F7-4668-BE54-9A1E7A4F7556}") = "ScreenSound", "ScreenSound.csproj", "{C5E5CC88-2918-453F-93D4-4B6780A62ED7}"
EndProject
Global
	GlobalSection(SolutionConfigurationPlatforms) = preSolution
		Debug|Any CPU = Debug|Any CPU
		Release|Any CPU = Release|Any CPU
	EndGlobalSection
	GlobalSection(ProjectConfigurationPlatforms) = postSolution
		{C5E5CC88-2918-453F-93D4-4B6780A62ED7}.Debug|Any CPU.ActiveCfg = Debug|Any CPU
		{C5E5CC88-2918-453F-93D4-4B6780A62ED7}.Debug|Any CPU.Build.0 = Debug|Any CPU
		{C5E5CC88-2918-453F-93D4-4B6780A62ED7}.Release|Any CPU.ActiveCfg = Release|Any CPU
		{C5E5CC88-2918-453F-93D4-4B6780A62ED7}.Release|Any CPU.Build.0 = Release|Any CPU
	EndGlobalSection
	GlobalSection(SolutionProperties) = preSolution
		HideSolutionNode = FALSE
	EndGlobalSection
	GlobalSection(ExtensibilityGlobals) = postSolution
		SolutionGuid = {B97B00DD-4B68-4E39-B105-F374DEAE9650}
	EndGlobalSection
EndGlobal
