
Microsoft Visual Studio Solution File, Format Version 12.00
# Visual Studio Version 17
VisualStudioVersion = 17.7.34031.279
MinimumVisualStudioVersion = 10.0.40219.1
Project("{9A19103F-16F7-4668-BE54-9A1E7A4F7556}") = "PrimeiroProjeto", "PrimeiroProjeto.csproj", "{28E38074-5A81-405C-9F36-2C13D841018D}"
EndProject
Global
	GlobalSection(SolutionConfigurationPlatforms) = preSolution
		Debug|Any CPU = Debug|Any CPU
		Release|Any CPU = Release|Any CPU
	EndGlobalSection
	GlobalSection(ProjectConfigurationPlatforms) = postSolution
		{28E38074-5A81-405C-9F36-2C13D841018D}.Debug|Any CPU.ActiveCfg = Debug|Any CPU
		{28E38074-5A81-405C-9F36-2C13D841018D}.Debug|Any CPU.Build.0 = Debug|Any CPU
		{28E38074-5A81-405C-9F36-2C13D841018D}.Release|Any CPU.ActiveCfg = Release|Any CPU
		{28E38074-5A81-405C-9F36-2C13D841018D}.Release|Any CPU.Build.0 = Release|Any CPU
	EndGlobalSection
	GlobalSection(SolutionProperties) = preSolution
		HideSolutionNode = FALSE
	EndGlobalSection
	GlobalSection(ExtensibilityGlobals) = postSolution
		SolutionGuid = {709BFB98-7563-4E63-BBB8-FCCC20F91064}
	EndGlobalSection
EndGlobal
